
Microsoft Visual Studio Solution File, Format Version 12.00
# Visual Studio Version 17
VisualStudioVersion = 17.6.33829.357
MinimumVisualStudioVersion = 10.0.40219.1
Project("{9A19103F-16F7-4668-BE54-9A1E7A4F7556}") = "FiapStore", "FiapStore\FiapStore.csproj", "{A490882A-1D14-43B8-88F6-B50FDF929565}"
EndProject
Project("{FAE04EC0-301F-11D3-BF4B-00C04F79EFBC}") = "SGA.Apresentation", "SGA.Apresentation\SGA.Apresentation.csproj", "{A7645BD0-E4C4-43C2-AA5B-2A285C058FAA}"
EndProject
Global
	GlobalSection(SolutionConfigurationPlatforms) = preSolution
		Debug|Any CPU = Debug|Any CPU
		Release|Any CPU = Release|Any CPU
	EndGlobalSection
	GlobalSection(ProjectConfigurationPlatforms) = postSolution
		{A490882A-1D14-43B8-88F6-B50FDF929565}.Debug|Any CPU.ActiveCfg = Debug|Any CPU
		{A490882A-1D14-43B8-88F6-B50FDF929565}.Debug|Any CPU.Build.0 = Debug|Any CPU
		{A490882A-1D14-43B8-88F6-B50FDF929565}.Release|Any CPU.ActiveCfg = Release|Any CPU
		{A490882A-1D14-43B8-88F6-B50FDF929565}.Release|Any CPU.Build.0 = Release|Any CPU
		{A7645BD0-E4C4-43C2-AA5B-2A285C058FAA}.Debug|Any CPU.ActiveCfg = Debug|Any CPU
		{A7645BD0-E4C4-43C2-AA5B-2A285C058FAA}.Debug|Any CPU.Build.0 = Debug|Any CPU
		{A7645BD0-E4C4-43C2-AA5B-2A285C058FAA}.Release|Any CPU.ActiveCfg = Release|Any CPU
		{A7645BD0-E4C4-43C2-AA5B-2A285C058FAA}.Release|Any CPU.Build.0 = Release|Any CPU
	EndGlobalSection
	GlobalSection(SolutionProperties) = preSolution
		HideSolutionNode = FALSE
	EndGlobalSection
	GlobalSection(ExtensibilityGlobals) = postSolution
		SolutionGuid = {CA258890-9C67-4D86-A987-78D25BD4CE41}
	EndGlobalSection
EndGlobal
